
Microsoft Visual Studio Solution File, Format Version 12.00
# Visual Studio Version 17
VisualStudioVersion = 17.0.31919.166
MinimumVisualStudioVersion = 10.0.40219.1
Project("{FAE04EC0-301F-11D3-BF4B-00C04F79EFBC}") = "SsWpfApp5", "SsWpfApp5.csproj", "{5BC0F636-E3CC-4F3B-B7FC-C76CADD6D140}"
EndProject
Global
	GlobalSection(SolutionConfigurationPlatforms) = preSolution
		Debug|Any CPU = Debug|Any CPU
		Release|Any CPU = Release|Any CPU
	EndGlobalSection
	GlobalSection(ProjectConfigurationPlatforms) = postSolution
		{5BC0F636-E3CC-4F3B-B7FC-C76CADD6D140}.Debug|Any CPU.ActiveCfg = Debug|Any CPU
		{5BC0F636-E3CC-4F3B-B7FC-C76CADD6D140}.Debug|Any CPU.Build.0 = Debug|Any CPU
		{5BC0F636-E3CC-4F3B-B7FC-C76CADD6D140}.Release|Any CPU.ActiveCfg = Release|Any CPU
		{5BC0F636-E3CC-4F3B-B7FC-C76CADD6D140}.Release|Any CPU.Build.0 = Release|Any CPU
	EndGlobalSection
	GlobalSection(SolutionProperties) = preSolution
		HideSolutionNode = FALSE
	EndGlobalSection
	GlobalSection(ExtensibilityGlobals) = postSolution
		SolutionGuid = {BAE54D89-A2CB-471A-9DAD-3BF0A71CC5A1}
	EndGlobalSection
EndGlobal
